
Microsoft Visual Studio Solution File, Format Version 12.00
# Visual Studio 15
VisualStudioVersion = 15.0.28307.1684
MinimumVisualStudioVersion = 10.0.40219.1
Project("{FAE04EC0-301F-11D3-BF4B-00C04F79EFBC}") = "CopyBook", "CopyBook\CopyBook.csproj", "{31E03F74-D76D-4A6C-AAE9-B84C513334BF}"
EndProject
Global
	GlobalSection(SolutionConfigurationPlatforms) = preSolution
		Debug|Any CPU = Debug|Any CPU
		Release|Any CPU = Release|Any CPU
	EndGlobalSection
	GlobalSection(ProjectConfigurationPlatforms) = postSolution
		{31E03F74-D76D-4A6C-AAE9-B84C513334BF}.Debug|Any CPU.ActiveCfg = Debug|Any CPU
		{31E03F74-D76D-4A6C-AAE9-B84C513334BF}.Debug|Any CPU.Build.0 = Debug|Any CPU
		{31E03F74-D76D-4A6C-AAE9-B84C513334BF}.Release|Any CPU.ActiveCfg = Release|Any CPU
		{31E03F74-D76D-4A6C-AAE9-B84C513334BF}.Release|Any CPU.Build.0 = Release|Any CPU
	EndGlobalSection
	GlobalSection(SolutionProperties) = preSolution
		HideSolutionNode = FALSE
	EndGlobalSection
	GlobalSection(ExtensibilityGlobals) = postSolution
		SolutionGuid = {2D950538-39EE-4FCA-BEB0-CA36F60F8E6E}
	EndGlobalSection
EndGlobal
