
Microsoft Visual Studio Solution File, Format Version 12.00
# Visual Studio 15
VisualStudioVersion = 15.0.28307.1684
MinimumVisualStudioVersion = 10.0.40219.1
Project("{FAE04EC0-301F-11D3-BF4B-00C04F79EFBC}") = "Homework_01", "Homework_01.csproj", "{7FF7F46B-89CD-46C7-994A-D5CB3AA8D718}"
EndProject
Global
	GlobalSection(SolutionConfigurationPlatforms) = preSolution
		Debug|Any CPU = Debug|Any CPU
		Release|Any CPU = Release|Any CPU
	EndGlobalSection
	GlobalSection(ProjectConfigurationPlatforms) = postSolution
		{7FF7F46B-89CD-46C7-994A-D5CB3AA8D718}.Debug|Any CPU.ActiveCfg = Debug|Any CPU
		{7FF7F46B-89CD-46C7-994A-D5CB3AA8D718}.Debug|Any CPU.Build.0 = Debug|Any CPU
		{7FF7F46B-89CD-46C7-994A-D5CB3AA8D718}.Release|Any CPU.ActiveCfg = Release|Any CPU
		{7FF7F46B-89CD-46C7-994A-D5CB3AA8D718}.Release|Any CPU.Build.0 = Release|Any CPU
	EndGlobalSection
	GlobalSection(SolutionProperties) = preSolution
		HideSolutionNode = FALSE
	EndGlobalSection
	GlobalSection(ExtensibilityGlobals) = postSolution
		SolutionGuid = {438DC009-D651-4680-B0F7-D8BFFF1C4006}
	EndGlobalSection
EndGlobal
