
Microsoft Visual Studio Solution File, Format Version 12.00
# Visual Studio 15
VisualStudioVersion = 15.0.28307.1684
MinimumVisualStudioVersion = 10.0.40219.1
Project("{FAE04EC0-301F-11D3-BF4B-00C04F79EFBC}") = "GuessNumberGameApp", "GuessNumberGameApp\GuessNumberGameApp.csproj", "{8E73D964-38F1-4AC3-B373-C38E019CBA39}"
EndProject
Global
	GlobalSection(SolutionConfigurationPlatforms) = preSolution
		Debug|Any CPU = Debug|Any CPU
		Release|Any CPU = Release|Any CPU
	EndGlobalSection
	GlobalSection(ProjectConfigurationPlatforms) = postSolution
		{8E73D964-38F1-4AC3-B373-C38E019CBA39}.Debug|Any CPU.ActiveCfg = Debug|Any CPU
		{8E73D964-38F1-4AC3-B373-C38E019CBA39}.Debug|Any CPU.Build.0 = Debug|Any CPU
		{8E73D964-38F1-4AC3-B373-C38E019CBA39}.Release|Any CPU.ActiveCfg = Release|Any CPU
		{8E73D964-38F1-4AC3-B373-C38E019CBA39}.Release|Any CPU.Build.0 = Release|Any CPU
	EndGlobalSection
	GlobalSection(SolutionProperties) = preSolution
		HideSolutionNode = FALSE
	EndGlobalSection
	GlobalSection(ExtensibilityGlobals) = postSolution
		SolutionGuid = {B7F1E098-73E7-4264-AF84-EFCF987A6DC6}
	EndGlobalSection
EndGlobal
